<?xml version="1.0" encoding="UTF-8" standalone="yes" ?>
<CodeBlocks_project_file>
	<FileVersion major="1" minor="6" />
	<Project>
		<Option title="UnitTest_DIS" />
		<Option pch_mode="2" />
		<Option compiler="gcc" />
		<Build>
			<Target title="Debug">
				<Option output="../../bin/UnitTest_DIS_debug.exe" prefix_auto="0" extension_auto="0" />
				<Option object_output="obj_cb-gcc_UnitTest_DIS_debug" />
				<Option type="1" />
				<Option compiler="gcc" />
				<Compiler>
					<Add option="-g" />
					<Add option="-DWIN32" />
					<Add option="-D_DEBUG" />
					<Add option="-D_CONSOLE" />
					<Add directory="../../cpp" />
					<Add directory="../../CppUtils" />
					<Add directory="$(CPPUNIT_INC)" />
				</Compiler>
				<Linker>
					<Add directory="../../bin" />
					<Add directory="$(CPPUNIT_LIB)" />
					<Add library="DIS_debug" />
					<Add library="cppunit" />
				</Linker>
			</Target>
			<Target title="Release">
				<Option output="../../bin/UnitTest_DIS.exe" prefix_auto="0" extension_auto="0" />
				<Option object_output="obj_cb-gcc_UnitTest_DIS" />
				<Option type="1" />
				<Option compiler="gcc" />
				<Compiler>
					<Add option="-O" />
					<Add option="-DWIN32" />
					<Add option="-D_CONSOLE" />
					<Add directory="../../cpp" />
					<Add directory="../../CppUtils" />
					<Add directory="$(CPPUNIT_INC)" />
				</Compiler>
				<Linker>
					<Add option="-s" />
					<Add directory="../../bin" />
					<Add directory="$(CPPUNIT_LIB)" />
					<Add library="DIS" />
					<Add library="cppunit" />
				</Linker>
			</Target>
		</Build>
		<Unit filename="../../UnitTestDIS/PduUtils.h">
			<Option compilerVar="CPP" />
			<Option target="Debug" />
			<Option target="Release" />
		</Unit>
		<Unit filename="../../UnitTestDIS/DataStreamTests.cpp">
			<Option compilerVar="CPP" />
			<Option target="Debug" />
			<Option target="Release" />
		</Unit>
		<Unit filename="../../UnitTestDIS/IncomingMessageTests.cpp">
			<Option compilerVar="CPP" />
			<Option target="Debug" />
			<Option target="Release" />
		</Unit>
		<Unit filename="../../UnitTestDIS/mainTestRunner.cpp">
			<Option compilerVar="CPP" />
			<Option target="Debug" />
			<Option target="Release" />
		</Unit>
		<Unit filename="../../UnitTestDIS/PduMarshallTests.cpp">
			<Option compilerVar="CPP" />
			<Option target="Debug" />
			<Option target="Release" />
		</Unit>
		<Unit filename="../../UnitTestDIS/PduUtils.cpp">
			<Option compilerVar="CPP" />
			<Option target="Debug" />
			<Option target="Release" />
		</Unit>
		<Extensions />
	</Project>
</CodeBlocks_project_file>
