Microsoft Visual Studio Solution File, Format Version 8.00
Project("{8BC9CEB8-8B4A-11D0-8D11-00A0C91BC942}") = "DIS", "./DIS.vcproj", "{05F5CCC2-8942-2C48-9226-F4FC896B0EDF}"
	ProjectSection(ProjectDependencies) = postProject
	EndProjectSection
EndProject
Project("{8BC9CEB8-8B4A-11D0-8D11-00A0C91BC942}") = "UnitTest_DIS", "./UnitTest_DIS.vcproj", "{8676E83B-09E4-E64B-839B-6FB9D65A8885}"
	ProjectSection(ProjectDependencies) = postProject
		{05F5CCC2-8942-2C48-9226-F4FC896B0EDF} = {05F5CCC2-8942-2C48-9226-F4FC896B0EDF}
	EndProjectSection
EndProject
Project("{8BC9CEB8-8B4A-11D0-8D11-00A0C91BC942}") = "Example_Send", "./Example_Send.vcproj", "{06AFE49F-1482-0643-9705-561F888DF60D}"
	ProjectSection(ProjectDependencies) = postProject
		{05F5CCC2-8942-2C48-9226-F4FC896B0EDF} = {05F5CCC2-8942-2C48-9226-F4FC896B0EDF}
	EndProjectSection
EndProject
Project("{8BC9CEB8-8B4A-11D0-8D11-00A0C91BC942}") = "Example_Receive", "./Example_Receive.vcproj", "{F56EBA2B-E44C-0447-8596-7C6C59404C83}"
	ProjectSection(ProjectDependencies) = postProject
		{05F5CCC2-8942-2C48-9226-F4FC896B0EDF} = {05F5CCC2-8942-2C48-9226-F4FC896B0EDF}
	EndProjectSection
EndProject
Global
	GlobalSection(SolutionConfiguration) = preSolution
		Debug = Debug
		Release = Release
	EndGlobalSection
	GlobalSection(ProjectConfiguration) = postSolution
		{05F5CCC2-8942-2C48-9226-F4FC896B0EDF}.Debug.ActiveCfg = Debug|Win32
		{05F5CCC2-8942-2C48-9226-F4FC896B0EDF}.Debug.Build.0 = Debug|Win32
		{05F5CCC2-8942-2C48-9226-F4FC896B0EDF}.Release.ActiveCfg = Release|Win32
		{05F5CCC2-8942-2C48-9226-F4FC896B0EDF}.Release.Build.0 = Release|Win32
		{8676E83B-09E4-E64B-839B-6FB9D65A8885}.Debug.ActiveCfg = Debug|Win32
		{8676E83B-09E4-E64B-839B-6FB9D65A8885}.Debug.Build.0 = Debug|Win32
		{8676E83B-09E4-E64B-839B-6FB9D65A8885}.Release.ActiveCfg = Release|Win32
		{8676E83B-09E4-E64B-839B-6FB9D65A8885}.Release.Build.0 = Release|Win32
		{06AFE49F-1482-0643-9705-561F888DF60D}.Debug.ActiveCfg = Debug|Win32
		{06AFE49F-1482-0643-9705-561F888DF60D}.Debug.Build.0 = Debug|Win32
		{06AFE49F-1482-0643-9705-561F888DF60D}.Release.ActiveCfg = Release|Win32
		{06AFE49F-1482-0643-9705-561F888DF60D}.Release.Build.0 = Release|Win32
		{F56EBA2B-E44C-0447-8596-7C6C59404C83}.Debug.ActiveCfg = Debug|Win32
		{F56EBA2B-E44C-0447-8596-7C6C59404C83}.Debug.Build.0 = Debug|Win32
		{F56EBA2B-E44C-0447-8596-7C6C59404C83}.Release.ActiveCfg = Release|Win32
		{F56EBA2B-E44C-0447-8596-7C6C59404C83}.Release.Build.0 = Release|Win32
	EndGlobalSection
	GlobalSection(ExtensibilityGlobals) = postSolution
	EndGlobalSection
	GlobalSection(ExtensibilityAddIns) = postSolution
	EndGlobalSection
EndGlobal
