<?xml version="1.0" encoding="UTF-8" standalone="yes" ?>
<CodeBlocks_project_file>
	<FileVersion major="1" minor="6" />
	<Project>
		<Option title="Example_Send" />
		<Option pch_mode="2" />
		<Option compiler="gcc" />
		<Build>
			<Target title="Debug">
				<Option output="../../bin/Example_Send_debug" prefix_auto="0" extension_auto="0" />
				<Option object_output="obj_cb-gcc_Example_Send_debug" />
				<Option type="1" />
				<Option compiler="gcc" />
				<Compiler>
					<Add option="-g" />
					<Add option="-D_DEBUG" />
					<Add directory="../.." />
					<Add directory="../../cpp" />
					<Add directory="../../CppUtils" />
					<Add directory="../../../../../../delta3d/ext/inc" />
				</Compiler>
				<Linker>
					<Add library="NL" />
					<Add library="pthread" />
					<Add library="DIS_debug" />
				</Linker>
			</Target>
			<Target title="Release">
				<Option output="../../bin/Example_Send" prefix_auto="0" extension_auto="0" />
				<Option object_output="obj_cb-gcc_Example_Send" />
				<Option type="1" />
				<Option compiler="gcc" />
				<Compiler>
					<Add option="-O" />
					<Add directory="../.." />
					<Add directory="../../cpp" />
					<Add directory="../../CppUtils" />
					<Add directory="../../../../../../delta3d/ext/inc" />
				</Compiler>
				<Linker>
					<Add option="-s" />
					<Add library="NL" />
					<Add library="pthread" />
					<Add library="DIS" />
				</Linker>
			</Target>
		</Build>
		<Linker>
			<Add directory="../../../../../../delta3d/ext/lib" />
			<Add directory="../../bin" />
		</Linker>
		<Unit filename="../../Example/Connection.cpp">
			<Option compilerVar="CC" />
		</Unit>
		<Unit filename="../../Example/Connection.h">
			<Option compilerVar="CC" />
		</Unit>
		<Unit filename="../../Example/Timer.cpp">
			<Option compilerVar="CC" />
		</Unit>
		<Unit filename="../../Example/Timer.h">
			<Option compilerVar="CC" />
		</Unit>
		<Unit filename="../../Example/Utils.cpp">
			<Option compilerVar="CC" />
		</Unit>
		<Unit filename="../../Example/Utils.h">
			<Option compilerVar="CC" />
		</Unit>
		<Unit filename="../../Example/main.cpp">
			<Option compilerVar="CC" />
		</Unit>
		<Extensions>
			<code_completion />
		</Extensions>
	</Project>
</CodeBlocks_project_file>
